
Microsoft Visual Studio Solution File, Format Version 12.00
# Visual Studio Version 16
VisualStudioVersion = 16.0.32510.428
MinimumVisualStudioVersion = 10.0.40219.1
Project("{FAE04EC0-301F-11D3-BF4B-00C04F79EFBC}") = "Basic", "Basic.csproj", "{92D1B751-62C1-41F8-9F1E-9DD8728D3B8F}"
EndProject
Global
	GlobalSection(SolutionConfigurationPlatforms) = preSolution
		Debug|Any CPU = Debug|Any CPU
		Release|Any CPU = Release|Any CPU
	EndGlobalSection
	GlobalSection(ProjectConfigurationPlatforms) = postSolution
		{92D1B751-62C1-41F8-9F1E-9DD8728D3B8F}.Debug|Any CPU.ActiveCfg = Debug|Any CPU
		{92D1B751-62C1-41F8-9F1E-9DD8728D3B8F}.Debug|Any CPU.Build.0 = Debug|Any CPU
		{92D1B751-62C1-41F8-9F1E-9DD8728D3B8F}.Release|Any CPU.ActiveCfg = Release|Any CPU
		{92D1B751-62C1-41F8-9F1E-9DD8728D3B8F}.Release|Any CPU.Build.0 = Release|Any CPU
	EndGlobalSection
	GlobalSection(SolutionProperties) = preSolution
		HideSolutionNode = FALSE
	EndGlobalSection
	GlobalSection(ExtensibilityGlobals) = postSolution
		SolutionGuid = {8A0A4252-1E2D-46DF-8C77-2DD8E5F9BC7B}
	EndGlobalSection
EndGlobal
